// !$*UTF8*$!
{
	archiveVersion = 1;
	classes = {
	};
	objectVersion = 55;
	objects = {

/* Begin PBXBuildFile section */
		0A8A584504DDF67A1528BC3A /* Pods_Parstagram.framework in Frameworks */ = {isa = PBXBuildFile; fileRef = 35DCAC57B32C39E835019682 /* Pods_Parstagram.framework */; };
		19DF5778D759431A75CEF0A6 /* Pods_ParstagramTests.framework in Frameworks */ = {isa = PBXBuildFile; fileRef = DD15D67CC9794E7AFFF96429 /* Pods_ParstagramTests.framework */; };
		C056A11FBC166D445F92FCD4 /* Pods_Parstagram_ParstagramUITests.framework in Frameworks */ = {isa = PBXBuildFile; fileRef = C1AEA462F9D392DEE3E0A624 /* Pods_Parstagram_ParstagramUITests.framework */; };
		ED254C9527D716BE00032F32 /* CameraViewController.swift in Sources */ = {isa = PBXBuildFile; fileRef = ED254C9427D716BE00032F32 /* CameraViewController.swift */; };
		EDA8CFFB27D6FF7E00EEDCC5 /* AppDelegate.swift in Sources */ = {isa = PBXBuildFile; fileRef = EDA8CFFA27D6FF7E00EEDCC5 /* AppDelegate.swift */; };
		EDA8CFFD27D6FF7E00EEDCC5 /* SceneDelegate.swift in Sources */ = {isa = PBXBuildFile; fileRef = EDA8CFFC27D6FF7E00EEDCC5 /* SceneDelegate.swift */; };
		EDA8D00227D6FF7E00EEDCC5 /* Main.storyboard in Resources */ = {isa = PBXBuildFile; fileRef = EDA8D00027D6FF7E00EEDCC5 /* Main.storyboard */; };
		EDA8D00427D6FF8000EEDCC5 /* Assets.xcassets in Resources */ = {isa = PBXBuildFile; fileRef = EDA8D00327D6FF8000EEDCC5 /* Assets.xcassets */; };
		EDA8D00727D6FF8000EEDCC5 /* LaunchScreen.storyboard in Resources */ = {isa = PBXBuildFile; fileRef = EDA8D00527D6FF8000EEDCC5 /* LaunchScreen.storyboard */; };
		EDA8D01227D6FF8000EEDCC5 /* ParstagramTests.swift in Sources */ = {isa = PBXBuildFile; fileRef = EDA8D01127D6FF8000EEDCC5 /* ParstagramTests.swift */; };
		EDA8D01C27D6FF8000EEDCC5 /* ParstagramUITests.swift in Sources */ = {isa = PBXBuildFile; fileRef = EDA8D01B27D6FF8000EEDCC5 /* ParstagramUITests.swift */; };
		EDA8D01E27D6FF8000EEDCC5 /* ParstagramUITestsLaunchTests.swift in Sources */ = {isa = PBXBuildFile; fileRef = EDA8D01D27D6FF8000EEDCC5 /* ParstagramUITestsLaunchTests.swift */; };
		EDA8D02B27D705A900EEDCC5 /* LoginViewController.swift in Sources */ = {isa = PBXBuildFile; fileRef = EDA8D02A27D705A900EEDCC5 /* LoginViewController.swift */; };
		EDA8D02F27D7060900EEDCC5 /* FeedViewController.swift in Sources */ = {isa = PBXBuildFile; fileRef = EDA8D02E27D7060900EEDCC5 /* FeedViewController.swift */; };
		EDB3B3EA27E4DE47002BC955 /* PostCell.swift in Sources */ = {isa = PBXBuildFile; fileRef = EDB3B3E927E4DE47002BC955 /* PostCell.swift */; };
		EDD0D25327E60C2700D5764D /* CommentCell.swift in Sources */ = {isa = PBXBuildFile; fileRef = EDD0D25227E60C2700D5764D /* CommentCell.swift */; };
/* End PBXBuildFile section */

/* Begin PBXContainerItemProxy section */
		EDA8D00E27D6FF8000EEDCC5 /* PBXContainerItemProxy */ = {
			isa = PBXContainerItemProxy;
			containerPortal = EDA8CFEF27D6FF7E00EEDCC5 /* Project object */;
			proxyType = 1;
			remoteGlobalIDString = EDA8CFF627D6FF7E00EEDCC5;
			remoteInfo = Parstagram;
		};
		EDA8D01827D6FF8000EEDCC5 /* PBXContainerItemProxy */ = {
			isa = PBXContainerItemProxy;
			containerPortal = EDA8CFEF27D6FF7E00EEDCC5 /* Project object */;
			proxyType = 1;
			remoteGlobalIDString = EDA8CFF627D6FF7E00EEDCC5;
			remoteInfo = Parstagram;
		};
/* End PBXContainerItemProxy section */

/* Begin PBXFileReference section */
		2275904F3A576F530D1702A6 /* Pods-ParstagramTests.release.xcconfig */ = {isa = PBXFileReference; includeInIndex = 1; lastKnownFileType = text.xcconfig; name = "Pods-ParstagramTests.release.xcconfig"; path = "Target Support Files/Pods-ParstagramTests/Pods-ParstagramTests.release.xcconfig"; sourceTree = "<group>"; };
		35DCAC57B32C39E835019682 /* Pods_Parstagram.framework */ = {isa = PBXFileReference; explicitFileType = wrapper.framework; includeInIndex = 0; path = Pods_Parstagram.framework; sourceTree = BUILT_PRODUCTS_DIR; };
		3FF061CB391D8D8CF16BEAE6 /* Pods-Parstagram.debug.xcconfig */ = {isa = PBXFileReference; includeInIndex = 1; lastKnownFileType = text.xcconfig; name = "Pods-Parstagram.debug.xcconfig"; path = "Target Support Files/Pods-Parstagram/Pods-Parstagram.debug.xcconfig"; sourceTree = "<group>"; };
		6BCD70780901EA79827D7B8A /* Pods-ParstagramTests.debug.xcconfig */ = {isa = PBXFileReference; includeInIndex = 1; lastKnownFileType = text.xcconfig; name = "Pods-ParstagramTests.debug.xcconfig"; path = "Target Support Files/Pods-ParstagramTests/Pods-ParstagramTests.debug.xcconfig"; sourceTree = "<group>"; };
		B3B36A28758678C9A052296E /* Pods-Parstagram-ParstagramUITests.release.xcconfig */ = {isa = PBXFileReference; includeInIndex = 1; lastKnownFileType = text.xcconfig; name = "Pods-Parstagram-ParstagramUITests.release.xcconfig"; path = "Target Support Files/Pods-Parstagram-ParstagramUITests/Pods-Parstagram-ParstagramUITests.release.xcconfig"; sourceTree = "<group>"; };
		C1AEA462F9D392DEE3E0A624 /* Pods_Parstagram_ParstagramUITests.framework */ = {isa = PBXFileReference; explicitFileType = wrapper.framework; includeInIndex = 0; path = Pods_Parstagram_ParstagramUITests.framework; sourceTree = BUILT_PRODUCTS_DIR; };
		DD15D67CC9794E7AFFF96429 /* Pods_ParstagramTests.framework */ = {isa = PBXFileReference; explicitFileType = wrapper.framework; includeInIndex = 0; path = Pods_ParstagramTests.framework; sourceTree = BUILT_PRODUCTS_DIR; };
		ED254C9427D716BE00032F32 /* CameraViewController.swift */ = {isa = PBXFileReference; lastKnownFileType = sourcecode.swift; path = CameraViewController.swift; sourceTree = "<group>"; };
		EDA8CFF727D6FF7E00EEDCC5 /* Parstagram.app */ = {isa = PBXFileReference; explicitFileType = wrapper.application; includeInIndex = 0; path = Parstagram.app; sourceTree = BUILT_PRODUCTS_DIR; };
		EDA8CFFA27D6FF7E00EEDCC5 /* AppDelegate.swift */ = {isa = PBXFileReference; lastKnownFileType = sourcecode.swift; path = AppDelegate.swift; sourceTree = "<group>"; };
		EDA8CFFC27D6FF7E00EEDCC5 /* SceneDelegate.swift */ = {isa = PBXFileReference; lastKnownFileType = sourcecode.swift; path = SceneDelegate.swift; sourceTree = "<group>"; };
		EDA8D00127D6FF7E00EEDCC5 /* Base */ = {isa = PBXFileReference; lastKnownFileType = file.storyboard; name = Base; path = Base.lproj/Main.storyboard; sourceTree = "<group>"; };
		EDA8D00327D6FF8000EEDCC5 /* Assets.xcassets */ = {isa = PBXFileReference; lastKnownFileType = folder.assetcatalog; path = Assets.xcassets; sourceTree = "<group>"; };
		EDA8D00627D6FF8000EEDCC5 /* Base */ = {isa = PBXFileReference; lastKnownFileType = file.storyboard; name = Base; path = Base.lproj/LaunchScreen.storyboard; sourceTree = "<group>"; };
		EDA8D00827D6FF8000EEDCC5 /* Info.plist */ = {isa = PBXFileReference; lastKnownFileType = text.plist.xml; path = Info.plist; sourceTree = "<group>"; };
		EDA8D00D27D6FF8000EEDCC5 /* ParstagramTests.xctest */ = {isa = PBXFileReference; explicitFileType = wrapper.cfbundle; includeInIndex = 0; path = ParstagramTests.xctest; sourceTree = BUILT_PRODUCTS_DIR; };
		EDA8D01127D6FF8000EEDCC5 /* ParstagramTests.swift */ = {isa = PBXFileReference; lastKnownFileType = sourcecode.swift; path = ParstagramTests.swift; sourceTree = "<group>"; };
		EDA8D01727D6FF8000EEDCC5 /* ParstagramUITests.xctest */ = {isa = PBXFileReference; explicitFileType = wrapper.cfbundle; includeInIndex = 0; path = ParstagramUITests.xctest; sourceTree = BUILT_PRODUCTS_DIR; };
		EDA8D01B27D6FF8000EEDCC5 /* ParstagramUITests.swift */ = {isa = PBXFileReference; lastKnownFileType = sourcecode.swift; path = ParstagramUITests.swift; sourceTree = "<group>"; };
		EDA8D01D27D6FF8000EEDCC5 /* ParstagramUITestsLaunchTests.swift */ = {isa = PBXFileReference; lastKnownFileType = sourcecode.swift; path = ParstagramUITestsLaunchTests.swift; sourceTree = "<group>"; };
		EDA8D02A27D705A900EEDCC5 /* LoginViewController.swift */ = {isa = PBXFileReference; lastKnownFileType = sourcecode.swift; path = LoginViewController.swift; sourceTree = "<group>"; };
		EDA8D02E27D7060900EEDCC5 /* FeedViewController.swift */ = {isa = PBXFileReference; lastKnownFileType = sourcecode.swift; path = FeedViewController.swift; sourceTree = "<group>"; };
		EDB3B3E927E4DE47002BC955 /* PostCell.swift */ = {isa = PBXFileReference; lastKnownFileType = sourcecode.swift; path = PostCell.swift; sourceTree = "<group>"; };
		EDD0D25227E60C2700D5764D /* CommentCell.swift */ = {isa = PBXFileReference; lastKnownFileType = sourcecode.swift; path = CommentCell.swift; sourceTree = "<group>"; };
		F915A18CCDB9AEC5B0CDF672 /* Pods-Parstagram.release.xcconfig */ = {isa = PBXFileReference; includeInIndex = 1; lastKnownFileType = text.xcconfig; name = "Pods-Parstagram.release.xcconfig"; path = "Target Support Files/Pods-Parstagram/Pods-Parstagram.release.xcconfig"; sourceTree = "<group>"; };
		F96C73BC537C991D9ECD219C /* Pods-Parstagram-ParstagramUITests.debug.xcconfig */ = {isa = PBXFileReference; includeInIndex = 1; lastKnownFileType = text.xcconfig; name = "Pods-Parstagram-ParstagramUITests.debug.xcconfig"; path = "Target Support Files/Pods-Parstagram-ParstagramUITests/Pods-Parstagram-ParstagramUITests.debug.xcconfig"; sourceTree = "<group>"; };
/* End PBXFileReference section */

/* Begin PBXFrameworksBuildPhase section */
		EDA8CFF427D6FF7E00EEDCC5 /* Frameworks */ = {
			isa = PBXFrameworksBuildPhase;
			buildActionMask = 2147483647;
			files = (
				0A8A584504DDF67A1528BC3A /* Pods_Parstagram.framework in Frameworks */,
			);
			runOnlyForDeploymentPostprocessing = 0;
		};
		EDA8D00A27D6FF8000EEDCC5 /* Frameworks */ = {
			isa = PBXFrameworksBuildPhase;
			buildActionMask = 2147483647;
			files = (
				19DF5778D759431A75CEF0A6 /* Pods_ParstagramTests.framework in Frameworks */,
			);
			runOnlyForDeploymentPostprocessing = 0;
		};
		EDA8D01427D6FF8000EEDCC5 /* Frameworks */ = {
			isa = PBXFrameworksBuildPhase;
			buildActionMask = 2147483647;
			files = (
				C056A11FBC166D445F92FCD4 /* Pods_Parstagram_ParstagramUITests.framework in Frameworks */,
			);
			runOnlyForDeploymentPostprocessing = 0;
		};
/* End PBXFrameworksBuildPhase section */

/* Begin PBXGroup section */
		BC81E39306C8A41E4B3A2F01 /* Frameworks */ = {
			isa = PBXGroup;
			children = (
				35DCAC57B32C39E835019682 /* Pods_Parstagram.framework */,
				C1AEA462F9D392DEE3E0A624 /* Pods_Parstagram_ParstagramUITests.framework */,
				DD15D67CC9794E7AFFF96429 /* Pods_ParstagramTests.framework */,
			);
			name = Frameworks;
			sourceTree = "<group>";
		};
		DAEDAE621310C6A06D9F9DC2 /* Pods */ = {
			isa = PBXGroup;
			children = (
				3FF061CB391D8D8CF16BEAE6 /* Pods-Parstagram.debug.xcconfig */,
				F915A18CCDB9AEC5B0CDF672 /* Pods-Parstagram.release.xcconfig */,
				F96C73BC537C991D9ECD219C /* Pods-Parstagram-ParstagramUITests.debug.xcconfig */,
				B3B36A28758678C9A052296E /* Pods-Parstagram-ParstagramUITests.release.xcconfig */,
				6BCD70780901EA79827D7B8A /* Pods-ParstagramTests.debug.xcconfig */,
				2275904F3A576F530D1702A6 /* Pods-ParstagramTests.release.xcconfig */,
			);
			path = Pods;
			sourceTree = "<group>";
		};
		EDA8CFEE27D6FF7E00EEDCC5 = {
			isa = PBXGroup;
			children = (
				EDA8CFF927D6FF7E00EEDCC5 /* Parstagram */,
				EDA8D01027D6FF8000EEDCC5 /* ParstagramTests */,
				EDA8D01A27D6FF8000EEDCC5 /* ParstagramUITests */,
				EDA8CFF827D6FF7E00EEDCC5 /* Products */,
				DAEDAE621310C6A06D9F9DC2 /* Pods */,
				BC81E39306C8A41E4B3A2F01 /* Frameworks */,
			);
			sourceTree = "<group>";
		};
		EDA8CFF827D6FF7E00EEDCC5 /* Products */ = {
			isa = PBXGroup;
			children = (
				EDA8CFF727D6FF7E00EEDCC5 /* Parstagram.app */,
				EDA8D00D27D6FF8000EEDCC5 /* ParstagramTests.xctest */,
				EDA8D01727D6FF8000EEDCC5 /* ParstagramUITests.xctest */,
			);
			name = Products;
			sourceTree = "<group>";
		};
		EDA8CFF927D6FF7E00EEDCC5 /* Parstagram */ = {
			isa = PBXGroup;
			children = (
				EDA8CFFA27D6FF7E00EEDCC5 /* AppDelegate.swift */,
				EDA8CFFC27D6FF7E00EEDCC5 /* SceneDelegate.swift */,
				EDA8D00027D6FF7E00EEDCC5 /* Main.storyboard */,
				EDA8D00327D6FF8000EEDCC5 /* Assets.xcassets */,
				EDA8D00527D6FF8000EEDCC5 /* LaunchScreen.storyboard */,
				EDA8D00827D6FF8000EEDCC5 /* Info.plist */,
				EDA8D02A27D705A900EEDCC5 /* LoginViewController.swift */,
				EDA8D02E27D7060900EEDCC5 /* FeedViewController.swift */,
				ED254C9427D716BE00032F32 /* CameraViewController.swift */,
				EDB3B3E927E4DE47002BC955 /* PostCell.swift */,
				EDD0D25227E60C2700D5764D /* CommentCell.swift */,
			);
			path = Parstagram;
			sourceTree = "<group>";
		};
		EDA8D01027D6FF8000EEDCC5 /* ParstagramTests */ = {
			isa = PBXGroup;
			children = (
				EDA8D01127D6FF8000EEDCC5 /* ParstagramTests.swift */,
			);
			path = ParstagramTests;
			sourceTree = "<group>";
		};
		EDA8D01A27D6FF8000EEDCC5 /* ParstagramUITests */ = {
			isa = PBXGroup;
			children = (
				EDA8D01B27D6FF8000EEDCC5 /* ParstagramUITests.swift */,
				EDA8D01D27D6FF8000EEDCC5 /* ParstagramUITestsLaunchTests.swift */,
			);
			path = ParstagramUITests;
			sourceTree = "<group>";
		};
/* End PBXGroup section */

/* Begin PBXNativeTarget section */
		EDA8CFF627D6FF7E00EEDCC5 /* Parstagram */ = {
			isa = PBXNativeTarget;
			buildConfigurationList = EDA8D02127D6FF8000EEDCC5 /* Build configuration list for PBXNativeTarget "Parstagram" */;
			buildPhases = (
				A903356FCD132D3D10C6A5D0 /* [CP] Check Pods Manifest.lock */,
				EDA8CFF327D6FF7E00EEDCC5 /* Sources */,
				EDA8CFF427D6FF7E00EEDCC5 /* Frameworks */,
				EDA8CFF527D6FF7E00EEDCC5 /* Resources */,
				07040385C76E43D0B03821DB /* [CP] Embed Pods Frameworks */,
			);
			buildRules = (
			);
			dependencies = (
			);
			name = Parstagram;
			productName = Parstagram;
			productReference = EDA8CFF727D6FF7E00EEDCC5 /* Parstagram.app */;
			productType = "com.apple.product-type.application";
		};
		EDA8D00C27D6FF8000EEDCC5 /* ParstagramTests */ = {
			isa = PBXNativeTarget;
			buildConfigurationList = EDA8D02427D6FF8000EEDCC5 /* Build configuration list for PBXNativeTarget "ParstagramTests" */;
			buildPhases = (
				52BDA1EDF80CA1AA9D79CBDC /* [CP] Check Pods Manifest.lock */,
				EDA8D00927D6FF8000EEDCC5 /* Sources */,
				EDA8D00A27D6FF8000EEDCC5 /* Frameworks */,
				EDA8D00B27D6FF8000EEDCC5 /* Resources */,
			);
			buildRules = (
			);
			dependencies = (
				EDA8D00F27D6FF8000EEDCC5 /* PBXTargetDependency */,
			);
			name = ParstagramTests;
			productName = ParstagramTests;
			productReference = EDA8D00D27D6FF8000EEDCC5 /* ParstagramTests.xctest */;
			productType = "com.apple.product-type.bundle.unit-test";
		};
		EDA8D01627D6FF8000EEDCC5 /* ParstagramUITests */ = {
			isa = PBXNativeTarget;
			buildConfigurationList = EDA8D02727D6FF8000EEDCC5 /* Build configuration list for PBXNativeTarget "ParstagramUITests" */;
			buildPhases = (
				FD8DD2C95C79B25A6806D137 /* [CP] Check Pods Manifest.lock */,
				EDA8D01327D6FF8000EEDCC5 /* Sources */,
				EDA8D01427D6FF8000EEDCC5 /* Frameworks */,
				EDA8D01527D6FF8000EEDCC5 /* Resources */,
				C7CE6A48650247AC4B98FA82 /* [CP] Embed Pods Frameworks */,
			);
			buildRules = (
			);
			dependencies = (
				EDA8D01927D6FF8000EEDCC5 /* PBXTargetDependency */,
			);
			name = ParstagramUITests;
			productName = ParstagramUITests;
			productReference = EDA8D01727D6FF8000EEDCC5 /* ParstagramUITests.xctest */;
			productType = "com.apple.product-type.bundle.ui-testing";
		};
/* End PBXNativeTarget section */

/* Begin PBXProject section */
		EDA8CFEF27D6FF7E00EEDCC5 /* Project object */ = {
			isa = PBXProject;
			attributes = {
				BuildIndependentTargetsInParallel = 1;
				LastSwiftUpdateCheck = 1320;
				LastUpgradeCheck = 1320;
				TargetAttributes = {
					EDA8CFF627D6FF7E00EEDCC5 = {
						CreatedOnToolsVersion = 13.2.1;
					};
					EDA8D00C27D6FF8000EEDCC5 = {
						CreatedOnToolsVersion = 13.2.1;
						TestTargetID = EDA8CFF627D6FF7E00EEDCC5;
					};
					EDA8D01627D6FF8000EEDCC5 = {
						CreatedOnToolsVersion = 13.2.1;
						TestTargetID = EDA8CFF627D6FF7E00EEDCC5;
					};
				};
			};
			buildConfigurationList = EDA8CFF227D6FF7E00EEDCC5 /* Build configuration list for PBXProject "Parstagram" */;
			compatibilityVersion = "Xcode 13.0";
			developmentRegion = en;
			hasScannedForEncodings = 0;
			knownRegions = (
				en,
				Base,
			);
			mainGroup = EDA8CFEE27D6FF7E00EEDCC5;
			productRefGroup = EDA8CFF827D6FF7E00EEDCC5 /* Products */;
			projectDirPath = "";
			projectRoot = "";
			targets = (
				EDA8CFF627D6FF7E00EEDCC5 /* Parstagram */,
				EDA8D00C27D6FF8000EEDCC5 /* ParstagramTests */,
				EDA8D01627D6FF8000EEDCC5 /* ParstagramUITests */,
			);
		};
/* End PBXProject section */

/* Begin PBXResourcesBuildPhase section */
		EDA8CFF527D6FF7E00EEDCC5 /* Resources */ = {
			isa = PBXResourcesBuildPhase;
			buildActionMask = 2147483647;
			files = (
				EDA8D00727D6FF8000EEDCC5 /* LaunchScreen.storyboard in Resources */,
				EDA8D00427D6FF8000EEDCC5 /* Assets.xcassets in Resources */,
				EDA8D00227D6FF7E00EEDCC5 /* Main.storyboard in Resources */,
			);
			runOnlyForDeploymentPostprocessing = 0;
		};
		EDA8D00B27D6FF8000EEDCC5 /* Resources */ = {
			isa = PBXResourcesBuildPhase;
			buildActionMask = 2147483647;
			files = (
			);
			runOnlyForDeploymentPostprocessing = 0;
		};
		EDA8D01527D6FF8000EEDCC5 /* Resources */ = {
			isa = PBXResourcesBuildPhase;
			buildActionMask = 2147483647;
			files = (
			);
			runOnlyForDeploymentPostprocessing = 0;
		};
/* End PBXResourcesBuildPhase section */

/* Begin PBXShellScriptBuildPhase section */
		07040385C76E43D0B03821DB /* [CP] Embed Pods Frameworks */ = {
			isa = PBXShellScriptBuildPhase;
			buildActionMask = 2147483647;
			files = (
			);
			inputFileListPaths = (
				"${PODS_ROOT}/Target Support Files/Pods-Parstagram/Pods-Parstagram-frameworks-${CONFIGURATION}-input-files.xcfilelist",
			);
			name = "[CP] Embed Pods Frameworks";
			outputFileListPaths = (
				"${PODS_ROOT}/Target Support Files/Pods-Parstagram/Pods-Parstagram-frameworks-${CONFIGURATION}-output-files.xcfilelist",
			);
			runOnlyForDeploymentPostprocessing = 0;
			shellPath = /bin/sh;
			shellScript = "\"${PODS_ROOT}/Target Support Files/Pods-Parstagram/Pods-Parstagram-frameworks.sh\"\n";
			showEnvVarsInLog = 0;
		};
		52BDA1EDF80CA1AA9D79CBDC /* [CP] Check Pods Manifest.lock */ = {
			isa = PBXShellScriptBuildPhase;
			buildActionMask = 2147483647;
			files = (
			);
			inputFileListPaths = (
			);
			inputPaths = (
				"${PODS_PODFILE_DIR_PATH}/Podfile.lock",
				"${PODS_ROOT}/Manifest.lock",
			);
			name = "[CP] Check Pods Manifest.lock";
			outputFileListPaths = (
			);
			outputPaths = (
				"$(DERIVED_FILE_DIR)/Pods-ParstagramTests-checkManifestLockResult.txt",
			);
			runOnlyForDeploymentPostprocessing = 0;
			shellPath = /bin/sh;
			shellScript = "diff \"${PODS_PODFILE_DIR_PATH}/Podfile.lock\" \"${PODS_ROOT}/Manifest.lock\" > /dev/null\nif [ $? != 0 ] ; then\n    # print error to STDERR\n    echo \"error: The sandbox is not in sync with the Podfile.lock. Run 'pod install' or update your CocoaPods installation.\" >&2\n    exit 1\nfi\n# This output is used by Xcode 'outputs' to avoid re-running this script phase.\necho \"SUCCESS\" > \"${SCRIPT_OUTPUT_FILE_0}\"\n";
			showEnvVarsInLog = 0;
		};
		A903356FCD132D3D10C6A5D0 /* [CP] Check Pods Manifest.lock */ = {
			isa = PBXShellScriptBuildPhase;
			buildActionMask = 2147483647;
			files = (
			);
			inputFileListPaths = (
			);
			inputPaths = (
				"${PODS_PODFILE_DIR_PATH}/Podfile.lock",
				"${PODS_ROOT}/Manifest.lock",
			);
			name = "[CP] Check Pods Manifest.lock";
			outputFileListPaths = (
			);
			outputPaths = (
				"$(DERIVED_FILE_DIR)/Pods-Parstagram-checkManifestLockResult.txt",
			);
			runOnlyForDeploymentPostprocessing = 0;
			shellPath = /bin/sh;
			shellScript = "diff \"${PODS_PODFILE_DIR_PATH}/Podfile.lock\" \"${PODS_ROOT}/Manifest.lock\" > /dev/null\nif [ $? != 0 ] ; then\n    # print error to STDERR\n    echo \"error: The sandbox is not in sync with the Podfile.lock. Run 'pod install' or update your CocoaPods installation.\" >&2\n    exit 1\nfi\n# This output is used by Xcode 'outputs' to avoid re-running this script phase.\necho \"SUCCESS\" > \"${SCRIPT_OUTPUT_FILE_0}\"\n";
			showEnvVarsInLog = 0;
		};
		C7CE6A48650247AC4B98FA82 /* [CP] Embed Pods Frameworks */ = {
			isa = PBXShellScriptBuildPhase;
			buildActionMask = 2147483647;
			files = (
			);
			inputFileListPaths = (
				"${PODS_ROOT}/Target Support Files/Pods-Parstagram-ParstagramUITests/Pods-Parstagram-ParstagramUITests-frameworks-${CONFIGURATION}-input-files.xcfilelist",
			);
			name = "[CP] Embed Pods Frameworks";
			outputFileListPaths = (
				"${PODS_ROOT}/Target Support Files/Pods-Parstagram-ParstagramUITests/Pods-Parstagram-ParstagramUITests-frameworks-${CONFIGURATION}-output-files.xcfilelist",
			);
			runOnlyForDeploymentPostprocessing = 0;
			shellPath = /bin/sh;
			shellScript = "\"${PODS_ROOT}/Target Support Files/Pods-Parstagram-ParstagramUITests/Pods-Parstagram-ParstagramUITests-frameworks.sh\"\n";
			showEnvVarsInLog = 0;
		};
		FD8DD2C95C79B25A6806D137 /* [CP] Check Pods Manifest.lock */ = {
			isa = PBXShellScriptBuildPhase;
			buildActionMask = 2147483647;
			files = (
			);
			inputFileListPaths = (
			);
			inputPaths = (
				"${PODS_PODFILE_DIR_PATH}/Podfile.lock",
				"${PODS_ROOT}/Manifest.lock",
			);
			name = "[CP] Check Pods Manifest.lock";
			outputFileListPaths = (
			);
			outputPaths = (
				"$(DERIVED_FILE_DIR)/Pods-Parstagram-ParstagramUITests-checkManifestLockResult.txt",
			);
			runOnlyForDeploymentPostprocessing = 0;
			shellPath = /bin/sh;
			shellScript = "diff \"${PODS_PODFILE_DIR_PATH}/Podfile.lock\" \"${PODS_ROOT}/Manifest.lock\" > /dev/null\nif [ $? != 0 ] ; then\n    # print error to STDERR\n    echo \"error: The sandbox is not in sync with the Podfile.lock. Run 'pod install' or update your CocoaPods installation.\" >&2\n    exit 1\nfi\n# This output is used by Xcode 'outputs' to avoid re-running this script phase.\necho \"SUCCESS\" > \"${SCRIPT_OUTPUT_FILE_0}\"\n";
			showEnvVarsInLog = 0;
		};
/* End PBXShellScriptBuildPhase section */

/* Begin PBXSourcesBuildPhase section */
		EDA8CFF327D6FF7E00EEDCC5 /* Sources */ = {
			isa = PBXSourcesBuildPhase;
			buildActionMask = 2147483647;
			files = (
				EDA8D02B27D705A900EEDCC5 /* LoginViewController.swift in Sources */,
				ED254C9527D716BE00032F32 /* CameraViewController.swift in Sources */,
				EDA8CFFB27D6FF7E00EEDCC5 /* AppDelegate.swift in Sources */,
				EDA8D02F27D7060900EEDCC5 /* FeedViewController.swift in Sources */,
				EDA8CFFD27D6FF7E00EEDCC5 /* SceneDelegate.swift in Sources */,
				EDB3B3EA27E4DE47002BC955 /* PostCell.swift in Sources */,
				EDD0D25327E60C2700D5764D /* CommentCell.swift in Sources */,
			);
			runOnlyForDeploymentPostprocessing = 0;
		};
		EDA8D00927D6FF8000EEDCC5 /* Sources */ = {
			isa = PBXSourcesBuildPhase;
			buildActionMask = 2147483647;
			files = (
				EDA8D01227D6FF8000EEDCC5 /* ParstagramTests.swift in Sources */,
			);
			runOnlyForDeploymentPostprocessing = 0;
		};
		EDA8D01327D6FF8000EEDCC5 /* Sources */ = {
			isa = PBXSourcesBuildPhase;
			buildActionMask = 2147483647;
			files = (
				EDA8D01E27D6FF8000EEDCC5 /* ParstagramUITestsLaunchTests.swift in Sources */,
				EDA8D01C27D6FF8000EEDCC5 /* ParstagramUITests.swift in Sources */,
			);
			runOnlyForDeploymentPostprocessing = 0;
		};
/* End PBXSourcesBuildPhase section */

/* Begin PBXTargetDependency section */
		EDA8D00F27D6FF8000EEDCC5 /* PBXTargetDependency */ = {
			isa = PBXTargetDependency;
			target = EDA8CFF627D6FF7E00EEDCC5 /* Parstagram */;
			targetProxy = EDA8D00E27D6FF8000EEDCC5 /* PBXContainerItemProxy */;
		};
		EDA8D01927D6FF8000EEDCC5 /* PBXTargetDependency */ = {
			isa = PBXTargetDependency;
			target = EDA8CFF627D6FF7E00EEDCC5 /* Parstagram */;
			targetProxy = EDA8D01827D6FF8000EEDCC5 /* PBXContainerItemProxy */;
		};
/* End PBXTargetDependency section */

/* Begin PBXVariantGroup section */
		EDA8D00027D6FF7E00EEDCC5 /* Main.storyboard */ = {
			isa = PBXVariantGroup;
			children = (
				EDA8D00127D6FF7E00EEDCC5 /* Base */,
			);
			name = Main.storyboard;
			sourceTree = "<group>";
		};
		EDA8D00527D6FF8000EEDCC5 /* LaunchScreen.storyboard */ = {
			isa = PBXVariantGroup;
			children = (
				EDA8D00627D6FF8000EEDCC5 /* Base */,
			);
			name = LaunchScreen.storyboard;
			sourceTree = "<group>";
		};
/* End PBXVariantGroup section */

/* Begin XCBuildConfiguration section */
		EDA8D01F27D6FF8000EEDCC5 /* Debug */ = {
			isa = XCBuildConfiguration;
			buildSettings = {
				ALWAYS_SEARCH_USER_PATHS = NO;
				CLANG_ANALYZER_NONNULL = YES;
				CLANG_ANALYZER_NUMBER_OBJECT_CONVERSION = YES_AGGRESSIVE;
				CLANG_CXX_LANGUAGE_STANDARD = "gnu++17";
				CLANG_CXX_LIBRARY = "libc++";
				CLANG_ENABLE_MODULES = YES;
				CLANG_ENABLE_OBJC_ARC = YES;
				CLANG_ENABLE_OBJC_WEAK = YES;
				CLANG_WARN_BLOCK_CAPTURE_AUTORELEASING = YES;
				CLANG_WARN_BOOL_CONVERSION = YES;
				CLANG_WARN_COMMA = YES;
				CLANG_WARN_CONSTANT_CONVERSION = YES;
				CLANG_WARN_DEPRECATED_OBJC_IMPLEMENTATIONS = YES;
				CLANG_WARN_DIRECT_OBJC_ISA_USAGE = YES_ERROR;
				CLANG_WARN_DOCUMENTATION_COMMENTS = YES;
				CLANG_WARN_EMPTY_BODY = YES;
				CLANG_WARN_ENUM_CONVERSION = YES;
				CLANG_WARN_INFINITE_RECURSION = YES;
				CLANG_WARN_INT_CONVERSION = YES;
				CLANG_WARN_NON_LITERAL_NULL_CONVERSION = YES;
				CLANG_WARN_OBJC_IMPLICIT_RETAIN_SELF = YES;
				CLANG_WARN_OBJC_LITERAL_CONVERSION = YES;
				CLANG_WARN_OBJC_ROOT_CLASS = YES_ERROR;
				CLANG_WARN_QUOTED_INCLUDE_IN_FRAMEWORK_HEADER = YES;
				CLANG_WARN_RANGE_LOOP_ANALYSIS = YES;
				CLANG_WARN_STRICT_PROTOTYPES = YES;
				CLANG_WARN_SUSPICIOUS_MOVE = YES;
				CLANG_WARN_UNGUARDED_AVAILABILITY = YES_AGGRESSIVE;
				CLANG_WARN_UNREACHABLE_CODE = YES;
				CLANG_WARN__DUPLICATE_METHOD_MATCH = YES;
				COPY_PHASE_STRIP = NO;
				DEBUG_INFORMATION_FORMAT = dwarf;
				ENABLE_STRICT_OBJC_MSGSEND = YES;
				ENABLE_TESTABILITY = YES;
				GCC_C_LANGUAGE_STANDARD = gnu11;
				GCC_DYNAMIC_NO_PIC = NO;
				GCC_NO_COMMON_BLOCKS = YES;
				GCC_OPTIMIZATION_LEVEL = 0;
				GCC_PREPROCESSOR_DEFINITIONS = (
					"DEBUG=1",
					"$(inherited)",
				);
				GCC_WARN_64_TO_32_BIT_CONVERSION = YES;
				GCC_WARN_ABOUT_RETURN_TYPE = YES_ERROR;
				GCC_WARN_UNDECLARED_SELECTOR = YES;
				GCC_WARN_UNINITIALIZED_AUTOS = YES_AGGRESSIVE;
				GCC_WARN_UNUSED_FUNCTION = YES;
				GCC_WARN_UNUSED_VARIABLE = YES;
				IPHONEOS_DEPLOYMENT_TARGET = 15.2;
				MTL_ENABLE_DEBUG_INFO = INCLUDE_SOURCE;
				MTL_FAST_MATH = YES;
				ONLY_ACTIVE_ARCH = YES;
				SDKROOT = iphoneos;
				SWIFT_ACTIVE_COMPILATION_CONDITIONS = DEBUG;
				SWIFT_OPTIMIZATION_LEVEL = "-Onone";
			};
			name = Debug;
		};
		EDA8D02027D6FF8000EEDCC5 /* Release */ = {
			isa = XCBuildConfiguration;
			buildSettings = {
				ALWAYS_SEARCH_USER_PATHS = NO;
				CLANG_ANALYZER_NONNULL = YES;
				CLANG_ANALYZER_NUMBER_OBJECT_CONVERSION = YES_AGGRESSIVE;
				CLANG_CXX_LANGUAGE_STANDARD = "gnu++17";
				CLANG_CXX_LIBRARY = "libc++";
				CLANG_ENABLE_MODULES = YES;
				CLANG_ENABLE_OBJC_ARC = YES;
				CLANG_ENABLE_OBJC_WEAK = YES;
				CLANG_WARN_BLOCK_CAPTURE_AUTORELEASING = YES;
				CLANG_WARN_BOOL_CONVERSION = YES;
				CLANG_WARN_COMMA = YES;
				CLANG_WARN_CONSTANT_CONVERSION = YES;
				CLANG_WARN_DEPRECATED_OBJC_IMPLEMENTATIONS = YES;
				CLANG_WARN_DIRECT_OBJC_ISA_USAGE = YES_ERROR;
				CLANG_WARN_DOCUMENTATION_COMMENTS = YES;
				CLANG_WARN_EMPTY_BODY = YES;
				CLANG_WARN_ENUM_CONVERSION = YES;
				CLANG_WARN_INFINITE_RECURSION = YES;
				CLANG_WARN_INT_CONVERSION = YES;
				CLANG_WARN_NON_LITERAL_NULL_CONVERSION = YES;
				CLANG_WARN_OBJC_IMPLICIT_RETAIN_SELF = YES;
				CLANG_WARN_OBJC_LITERAL_CONVERSION = YES;
				CLANG_WARN_OBJC_ROOT_CLASS = YES_ERROR;
				CLANG_WARN_QUOTED_INCLUDE_IN_FRAMEWORK_HEADER = YES;
				CLANG_WARN_RANGE_LOOP_ANALYSIS = YES;
				CLANG_WARN_STRICT_PROTOTYPES = YES;
				CLANG_WARN_SUSPICIOUS_MOVE = YES;
				CLANG_WARN_UNGUARDED_AVAILABILITY = YES_AGGRESSIVE;
				CLANG_WARN_UNREACHABLE_CODE = YES;
				CLANG_WARN__DUPLICATE_METHOD_MATCH = YES;
				COPY_PHASE_STRIP = NO;
				DEBUG_INFORMATION_FORMAT = "dwarf-with-dsym";
				ENABLE_NS_ASSERTIONS = NO;
				ENABLE_STRICT_OBJC_MSGSEND = YES;
				GCC_C_LANGUAGE_STANDARD = gnu11;
				GCC_NO_COMMON_BLOCKS = YES;
				GCC_WARN_64_TO_32_BIT_CONVERSION = YES;
				GCC_WARN_ABOUT_RETURN_TYPE = YES_ERROR;
				GCC_WARN_UNDECLARED_SELECTOR = YES;
				GCC_WARN_UNINITIALIZED_AUTOS = YES_AGGRESSIVE;
				GCC_WARN_UNUSED_FUNCTION = YES;
				GCC_WARN_UNUSED_VARIABLE = YES;
				IPHONEOS_DEPLOYMENT_TARGET = 15.2;
				MTL_ENABLE_DEBUG_INFO = NO;
				MTL_FAST_MATH = YES;
				SDKROOT = iphoneos;
				SWIFT_COMPILATION_MODE = wholemodule;
				SWIFT_OPTIMIZATION_LEVEL = "-O";
				VALIDATE_PRODUCT = YES;
			};
			name = Release;
		};
		EDA8D02227D6FF8000EEDCC5 /* Debug */ = {
			isa = XCBuildConfiguration;
			baseConfigurationReference = 3FF061CB391D8D8CF16BEAE6 /* Pods-Parstagram.debug.xcconfig */;
			buildSettings = {
				ASSETCATALOG_COMPILER_APPICON_NAME = AppIcon;
				ASSETCATALOG_COMPILER_GLOBAL_ACCENT_COLOR_NAME = AccentColor;
				CODE_SIGN_STYLE = Automatic;
				CURRENT_PROJECT_VERSION = 1;
				DEVELOPMENT_TEAM = DND6NT8XVW;
				GENERATE_INFOPLIST_FILE = YES;
				INFOPLIST_FILE = Parstagram/Info.plist;
				INFOPLIST_KEY_UIApplicationSupportsIndirectInputEvents = YES;
				INFOPLIST_KEY_UILaunchStoryboardName = LaunchScreen;
				INFOPLIST_KEY_UIMainStoryboardFile = Main;
				INFOPLIST_KEY_UISupportedInterfaceOrientations_iPad = "UIInterfaceOrientationPortrait UIInterfaceOrientationPortraitUpsideDown UIInterfaceOrientationLandscapeLeft UIInterfaceOrientationLandscapeRight";
				INFOPLIST_KEY_UISupportedInterfaceOrientations_iPhone = "UIInterfaceOrientationPortrait UIInterfaceOrientationLandscapeLeft UIInterfaceOrientationLandscapeRight";
				LD_RUNPATH_SEARCH_PATHS = (
					"$(inherited)",
					"@executable_path/Frameworks",
				);
				MARKETING_VERSION = 1.0;
				PRODUCT_BUNDLE_IDENTIFIER = com.autumnyngoc.Parstagram;
				PRODUCT_NAME = "$(TARGET_NAME)";
				SWIFT_EMIT_LOC_STRINGS = YES;
				SWIFT_VERSION = 5.0;
				TARGETED_DEVICE_FAMILY = "1,2";
			};
			name = Debug;
		};
		EDA8D02327D6FF8000EEDCC5 /* Release */ = {
			isa = XCBuildConfiguration;
			baseConfigurationReference = F915A18CCDB9AEC5B0CDF672 /* Pods-Parstagram.release.xcconfig */;
			buildSettings = {
				ASSETCATALOG_COMPILER_APPICON_NAME = AppIcon;
				ASSETCATALOG_COMPILER_GLOBAL_ACCENT_COLOR_NAME = AccentColor;
				CODE_SIGN_STYLE = Automatic;
				CURRENT_PROJECT_VERSION = 1;
				DEVELOPMENT_TEAM = DND6NT8XVW;
				GENERATE_INFOPLIST_FILE = YES;
				INFOPLIST_FILE = Parstagram/Info.plist;
				INFOPLIST_KEY_UIApplicationSupportsIndirectInputEvents = YES;
				INFOPLIST_KEY_UILaunchStoryboardName = LaunchScreen;
				INFOPLIST_KEY_UIMainStoryboardFile = Main;
				INFOPLIST_KEY_UISupportedInterfaceOrientations_iPad = "UIInterfaceOrientationPortrait UIInterfaceOrientationPortraitUpsideDown UIInterfaceOrientationLandscapeLeft UIInterfaceOrientationLandscapeRight";
				INFOPLIST_KEY_UISupportedInterfaceOrientations_iPhone = "UIInterfaceOrientationPortrait UIInterfaceOrientationLandscapeLeft UIInterfaceOrientationLandscapeRight";
				LD_RUNPATH_SEARCH_PATHS = (
					"$(inherited)",
					"@executable_path/Frameworks",
				);
				MARKETING_VERSION = 1.0;
				PRODUCT_BUNDLE_IDENTIFIER = com.autumnyngoc.Parstagram;
				PRODUCT_NAME = "$(TARGET_NAME)";
				SWIFT_EMIT_LOC_STRINGS = YES;
				SWIFT_VERSION = 5.0;
				TARGETED_DEVICE_FAMILY = "1,2";
			};
			name = Release;
		};
		EDA8D02527D6FF8000EEDCC5 /* Debug */ = {
			isa = XCBuildConfiguration;
			baseConfigurationReference = 6BCD70780901EA79827D7B8A /* Pods-ParstagramTests.debug.xcconfig */;
			buildSettings = {
				ALWAYS_EMBED_SWIFT_STANDARD_LIBRARIES = YES;
				BUNDLE_LOADER = "$(TEST_HOST)";
				CODE_SIGN_STYLE = Automatic;
				CURRENT_PROJECT_VERSION = 1;
				DEVELOPMENT_TEAM = DND6NT8XVW;
				GENERATE_INFOPLIST_FILE = YES;
				IPHONEOS_DEPLOYMENT_TARGET = 15.2;
				MARKETING_VERSION = 1.0;
				PRODUCT_BUNDLE_IDENTIFIER = com.autumnyngoc.ParstagramTests;
				PRODUCT_NAME = "$(TARGET_NAME)";
				SWIFT_EMIT_LOC_STRINGS = NO;
				SWIFT_VERSION = 5.0;
				TARGETED_DEVICE_FAMILY = "1,2";
				TEST_HOST = "$(BUILT_PRODUCTS_DIR)/Parstagram.app/Parstagram";
			};
			name = Debug;
		};
		EDA8D02627D6FF8000EEDCC5 /* Release */ = {
			isa = XCBuildConfiguration;
			baseConfigurationReference = 2275904F3A576F530D1702A6 /* Pods-ParstagramTests.release.xcconfig */;
			buildSettings = {
				ALWAYS_EMBED_SWIFT_STANDARD_LIBRARIES = YES;
				BUNDLE_LOADER = "$(TEST_HOST)";
				CODE_SIGN_STYLE = Automatic;
				CURRENT_PROJECT_VERSION = 1;
				DEVELOPMENT_TEAM = DND6NT8XVW;
				GENERATE_INFOPLIST_FILE = YES;
				IPHONEOS_DEPLOYMENT_TARGET = 15.2;
				MARKETING_VERSION = 1.0;
				PRODUCT_BUNDLE_IDENTIFIER = com.autumnyngoc.ParstagramTests;
				PRODUCT_NAME = "$(TARGET_NAME)";
				SWIFT_EMIT_LOC_STRINGS = NO;
				SWIFT_VERSION = 5.0;
				TARGETED_DEVICE_FAMILY = "1,2";
				TEST_HOST = "$(BUILT_PRODUCTS_DIR)/Parstagram.app/Parstagram";
			};
			name = Release;
		};
		EDA8D02827D6FF8000EEDCC5 /* Debug */ = {
			isa = XCBuildConfiguration;
			baseConfigurationReference = F96C73BC537C991D9ECD219C /* Pods-Parstagram-ParstagramUITests.debug.xcconfig */;
			buildSettings = {
				ALWAYS_EMBED_SWIFT_STANDARD_LIBRARIES = YES;
				CODE_SIGN_STYLE = Automatic;
				CURRENT_PROJECT_VERSION = 1;
				DEVELOPMENT_TEAM = DND6NT8XVW;
				GENERATE_INFOPLIST_FILE = YES;
				MARKETING_VERSION = 1.0;
				PRODUCT_BUNDLE_IDENTIFIER = com.autumnyngoc.ParstagramUITests;
				PRODUCT_NAME = "$(TARGET_NAME)";
				SWIFT_EMIT_LOC_STRINGS = NO;
				SWIFT_VERSION = 5.0;
				TARGETED_DEVICE_FAMILY = "1,2";
				TEST_TARGET_NAME = Parstagram;
			};
			name = Debug;
		};
		EDA8D02927D6FF8000EEDCC5 /* Release */ = {
			isa = XCBuildConfiguration;
			baseConfigurationReference = B3B36A28758678C9A052296E /* Pods-Parstagram-ParstagramUITests.release.xcconfig */;
			buildSettings = {
				ALWAYS_EMBED_SWIFT_STANDARD_LIBRARIES = YES;
				CODE_SIGN_STYLE = Automatic;
				CURRENT_PROJECT_VERSION = 1;
				DEVELOPMENT_TEAM = DND6NT8XVW;
				GENERATE_INFOPLIST_FILE = YES;
				MARKETING_VERSION = 1.0;
				PRODUCT_BUNDLE_IDENTIFIER = com.autumnyngoc.ParstagramUITests;
				PRODUCT_NAME = "$(TARGET_NAME)";
				SWIFT_EMIT_LOC_STRINGS = NO;
				SWIFT_VERSION = 5.0;
				TARGETED_DEVICE_FAMILY = "1,2";
				TEST_TARGET_NAME = Parstagram;
			};
			name = Release;
		};
/* End XCBuildConfiguration section */

/* Begin XCConfigurationList section */
		EDA8CFF227D6FF7E00EEDCC5 /* Build configuration list for PBXProject "Parstagram" */ = {
			isa = XCConfigurationList;
			buildConfigurations = (
				EDA8D01F27D6FF8000EEDCC5 /* Debug */,
				EDA8D02027D6FF8000EEDCC5 /* Release */,
			);
			defaultConfigurationIsVisible = 0;
			defaultConfigurationName = Release;
		};
		EDA8D02127D6FF8000EEDCC5 /* Build configuration list for PBXNativeTarget "Parstagram" */ = {
			isa = XCConfigurationList;
			buildConfigurations = (
				EDA8D02227D6FF8000EEDCC5 /* Debug */,
				EDA8D02327D6FF8000EEDCC5 /* Release */,
			);
			defaultConfigurationIsVisible = 0;
			defaultConfigurationName = Release;
		};
		EDA8D02427D6FF8000EEDCC5 /* Build configuration list for PBXNativeTarget "ParstagramTests" */ = {
			isa = XCConfigurationList;
			buildConfigurations = (
				EDA8D02527D6FF8000EEDCC5 /* Debug */,
				EDA8D02627D6FF8000EEDCC5 /* Release */,
			);
			defaultConfigurationIsVisible = 0;
			defaultConfigurationName = Release;
		};
		EDA8D02727D6FF8000EEDCC5 /* Build configuration list for PBXNativeTarget "ParstagramUITests" */ = {
			isa = XCConfigurationList;
			buildConfigurations = (
				EDA8D02827D6FF8000EEDCC5 /* Debug */,
				EDA8D02927D6FF8000EEDCC5 /* Release */,
			);
			defaultConfigurationIsVisible = 0;
			defaultConfigurationName = Release;
		};
/* End XCConfigurationList section */
	};
	rootObject = EDA8CFEF27D6FF7E00EEDCC5 /* Project object */;
}
